// !$*UTF8*$!
{
	archiveVersion = 1;
	classes = {
	};
	objectVersion = 46;
	objects = {

/* Begin PBXBuildFile section */
		95097DE52641494A00854E2B /* Assets.xcassets in Resources */ = {isa = PBXBuildFile; fileRef = 95097DE42641494A00854E2B /* Assets.xcassets */; };
		95097E2A2642C83900854E2B /* PhotoRoomViewController.swift in Sources */ = {isa = PBXBuildFile; fileRef = 95097E292642C83900854E2B /* PhotoRoomViewController.swift */; };
		9571030B26412ACF00319C32 /* SegmentationService.swift in Sources */ = {isa = PBXBuildFile; fileRef = 9571030826412ACF00319C32 /* SegmentationService.swift */; };
		9571030C26412ACF00319C32 /* ImageHelpers.swift in Sources */ = {isa = PBXBuildFile; fileRef = 9571030926412ACF00319C32 /* ImageHelpers.swift */; };
		D284B1461F7908B300D94AF3 /* SharedTests.swift in Sources */ = {isa = PBXBuildFile; fileRef = D284B1321F7906DA00D94AF3 /* SharedTests.swift */; };
		D284B1471F7908B800D94AF3 /* iOSTests.swift in Sources */ = {isa = PBXBuildFile; fileRef = D284B1361F7906DA00D94AF3 /* iOSTests.swift */; };
		D5B2E8AA1C3A780C00C0327D /* PhotoRoomKit.framework in Frameworks */ = {isa = PBXBuildFile; fileRef = D5B2E89F1C3A780C00C0327D /* PhotoRoomKit.framework */; };
/* End PBXBuildFile section */

/* Begin PBXContainerItemProxy section */
		D5B2E8AB1C3A780C00C0327D /* PBXContainerItemProxy */ = {
			isa = PBXContainerItemProxy;
			containerPortal = D5B2E8961C3A780C00C0327D /* Project object */;
			proxyType = 1;
			remoteGlobalIDString = D5B2E89E1C3A780C00C0327D;
			remoteInfo = PhotoRoomKit;
		};
/* End PBXContainerItemProxy section */

/* Begin PBXFileReference section */
		95097DE42641494A00854E2B /* Assets.xcassets */ = {isa = PBXFileReference; lastKnownFileType = folder.assetcatalog; path = Assets.xcassets; sourceTree = "<group>"; };
		95097E292642C83900854E2B /* PhotoRoomViewController.swift */ = {isa = PBXFileReference; fileEncoding = 4; lastKnownFileType = sourcecode.swift; path = PhotoRoomViewController.swift; sourceTree = "<group>"; };
		9571030826412ACF00319C32 /* SegmentationService.swift */ = {isa = PBXFileReference; fileEncoding = 4; lastKnownFileType = sourcecode.swift; path = SegmentationService.swift; sourceTree = "<group>"; };
		9571030926412ACF00319C32 /* ImageHelpers.swift */ = {isa = PBXFileReference; fileEncoding = 4; lastKnownFileType = sourcecode.swift; path = ImageHelpers.swift; sourceTree = "<group>"; };
		D284B12F1F7906DA00D94AF3 /* Info-iOS-Tests.plist */ = {isa = PBXFileReference; fileEncoding = 4; lastKnownFileType = text.plist.xml; path = "Info-iOS-Tests.plist"; sourceTree = "<group>"; };
		D284B1321F7906DA00D94AF3 /* SharedTests.swift */ = {isa = PBXFileReference; fileEncoding = 4; lastKnownFileType = sourcecode.swift; path = SharedTests.swift; sourceTree = "<group>"; };
		D284B1361F7906DA00D94AF3 /* iOSTests.swift */ = {isa = PBXFileReference; fileEncoding = 4; lastKnownFileType = sourcecode.swift; path = iOSTests.swift; sourceTree = "<group>"; };
		D284B1401F79081F00D94AF3 /* Info-iOS.plist */ = {isa = PBXFileReference; lastKnownFileType = text.plist.xml; path = "Info-iOS.plist"; sourceTree = "<group>"; };
		D5B2E89F1C3A780C00C0327D /* PhotoRoomKit.framework */ = {isa = PBXFileReference; explicitFileType = wrapper.framework; includeInIndex = 0; path = PhotoRoomKit.framework; sourceTree = BUILT_PRODUCTS_DIR; };
		D5B2E8A91C3A780C00C0327D /* PhotoRoomKit-iOS-Tests.xctest */ = {isa = PBXFileReference; explicitFileType = wrapper.cfbundle; includeInIndex = 0; path = "PhotoRoomKit-iOS-Tests.xctest"; sourceTree = BUILT_PRODUCTS_DIR; };
/* End PBXFileReference section */

/* Begin PBXFrameworksBuildPhase section */
		D5B2E89B1C3A780C00C0327D /* Frameworks */ = {
			isa = PBXFrameworksBuildPhase;
			buildActionMask = 2147483647;
			files = (
			);
			runOnlyForDeploymentPostprocessing = 0;
		};
		D5B2E8A61C3A780C00C0327D /* Frameworks */ = {
			isa = PBXFrameworksBuildPhase;
			buildActionMask = 2147483647;
			files = (
				D5B2E8AA1C3A780C00C0327D /* PhotoRoomKit.framework in Frameworks */,
			);
			runOnlyForDeploymentPostprocessing = 0;
		};
/* End PBXFrameworksBuildPhase section */

/* Begin PBXGroup section */
		D284B1311F7906DA00D94AF3 /* Shared */ = {
			isa = PBXGroup;
			children = (
				D284B1321F7906DA00D94AF3 /* SharedTests.swift */,
			);
			path = Shared;
			sourceTree = "<group>";
		};
		D284B1351F7906DA00D94AF3 /* iOS */ = {
			isa = PBXGroup;
			children = (
				D284B1361F7906DA00D94AF3 /* iOSTests.swift */,
			);
			path = iOS;
			sourceTree = "<group>";
		};
		D284B13F1F79081F00D94AF3 /* Info */ = {
			isa = PBXGroup;
			children = (
				D284B1401F79081F00D94AF3 /* Info-iOS.plist */,
			);
			path = Info;
			sourceTree = "<group>";
		};
		D5B2E8951C3A780C00C0327D = {
			isa = PBXGroup;
			children = (
				D284B13F1F79081F00D94AF3 /* Info */,
				D5C629691C3A809D007F7B7C /* Sources */,
				D5C6298F1C3A8BDA007F7B7C /* PhotoRoomKitTests */,
				D5B2E8A01C3A780C00C0327D /* Products */,
			);
			sourceTree = "<group>";
		};
		D5B2E8A01C3A780C00C0327D /* Products */ = {
			isa = PBXGroup;
			children = (
				D5B2E89F1C3A780C00C0327D /* PhotoRoomKit.framework */,
				D5B2E8A91C3A780C00C0327D /* PhotoRoomKit-iOS-Tests.xctest */,
			);
			name = Products;
			sourceTree = "<group>";
		};
		D5C629691C3A809D007F7B7C /* Sources */ = {
			isa = PBXGroup;
			children = (
				D5C6296A1C3A809D007F7B7C /* iOS */,
				D5C6296E1C3A809D007F7B7C /* Shared */,
			);
			path = Sources;
			sourceTree = "<group>";
		};
		D5C6296A1C3A809D007F7B7C /* iOS */ = {
			isa = PBXGroup;
			children = (
				95097E292642C83900854E2B /* PhotoRoomViewController.swift */,
				9571030926412ACF00319C32 /* ImageHelpers.swift */,
				9571030826412ACF00319C32 /* SegmentationService.swift */,
			);
			path = iOS;
			sourceTree = "<group>";
		};
		D5C6296E1C3A809D007F7B7C /* Shared */ = {
			isa = PBXGroup;
			children = (
				95097DE42641494A00854E2B /* Assets.xcassets */,
			);
			path = Shared;
			sourceTree = "<group>";
		};
		D5C6298F1C3A8BDA007F7B7C /* PhotoRoomKitTests */ = {
			isa = PBXGroup;
			children = (
				D284B12F1F7906DA00D94AF3 /* Info-iOS-Tests.plist */,
				D284B1351F7906DA00D94AF3 /* iOS */,
				D284B1311F7906DA00D94AF3 /* Shared */,
			);
			path = PhotoRoomKitTests;
			sourceTree = "<group>";
		};
/* End PBXGroup section */

/* Begin PBXHeadersBuildPhase section */
		D5B2E89C1C3A780C00C0327D /* Headers */ = {
			isa = PBXHeadersBuildPhase;
			buildActionMask = 2147483647;
			files = (
			);
			runOnlyForDeploymentPostprocessing = 0;
		};
/* End PBXHeadersBuildPhase section */

/* Begin PBXNativeTarget section */
		D5B2E89E1C3A780C00C0327D /* PhotoRoomKit-iOS */ = {
			isa = PBXNativeTarget;
			buildConfigurationList = D5B2E8B31C3A780C00C0327D /* Build configuration list for PBXNativeTarget "PhotoRoomKit-iOS" */;
			buildPhases = (
				D5B2E89A1C3A780C00C0327D /* Sources */,
				D5B2E89B1C3A780C00C0327D /* Frameworks */,
				D5B2E89C1C3A780C00C0327D /* Headers */,
				D5B2E89D1C3A780C00C0327D /* Resources */,
			);
			buildRules = (
			);
			dependencies = (
			);
			name = "PhotoRoomKit-iOS";
			productName = PhotoRoomKit;
			productReference = D5B2E89F1C3A780C00C0327D /* PhotoRoomKit.framework */;
			productType = "com.apple.product-type.framework";
		};
		D5B2E8A81C3A780C00C0327D /* PhotoRoomKit-iOS-Tests */ = {
			isa = PBXNativeTarget;
			buildConfigurationList = D5B2E8B61C3A780C00C0327D /* Build configuration list for PBXNativeTarget "PhotoRoomKit-iOS-Tests" */;
			buildPhases = (
				D5B2E8A51C3A780C00C0327D /* Sources */,
				D5B2E8A61C3A780C00C0327D /* Frameworks */,
				D5B2E8A71C3A780C00C0327D /* Resources */,
			);
			buildRules = (
			);
			dependencies = (
				D5B2E8AC1C3A780C00C0327D /* PBXTargetDependency */,
			);
			name = "PhotoRoomKit-iOS-Tests";
			productName = PhotoRoomKitTests;
			productReference = D5B2E8A91C3A780C00C0327D /* PhotoRoomKit-iOS-Tests.xctest */;
			productType = "com.apple.product-type.bundle.unit-test";
		};
/* End PBXNativeTarget section */

/* Begin PBXProject section */
		D5B2E8961C3A780C00C0327D /* Project object */ = {
			isa = PBXProject;
			attributes = {
				LastSwiftUpdateCheck = 0900;
				LastUpgradeCheck = 0900;
				ORGANIZATIONNAME = PhotoRoom;
				TargetAttributes = {
					D5B2E89E1C3A780C00C0327D = {
						CreatedOnToolsVersion = 7.2;
						LastSwiftMigration = 0900;
					};
					D5B2E8A81C3A780C00C0327D = {
						CreatedOnToolsVersion = 7.2;
						LastSwiftMigration = 0900;
					};
				};
			};
			buildConfigurationList = D5B2E8991C3A780C00C0327D /* Build configuration list for PBXProject "PhotoRoomKit" */;
			compatibilityVersion = "Xcode 3.2";
			developmentRegion = English;
			hasScannedForEncodings = 0;
			knownRegions = (
				English,
				en,
			);
			mainGroup = D5B2E8951C3A780C00C0327D;
			productRefGroup = D5B2E8A01C3A780C00C0327D /* Products */;
			projectDirPath = "";
			projectRoot = "";
			targets = (
				D5B2E89E1C3A780C00C0327D /* PhotoRoomKit-iOS */,
				D5B2E8A81C3A780C00C0327D /* PhotoRoomKit-iOS-Tests */,
			);
		};
/* End PBXProject section */

/* Begin PBXResourcesBuildPhase section */
		D5B2E89D1C3A780C00C0327D /* Resources */ = {
			isa = PBXResourcesBuildPhase;
			buildActionMask = 2147483647;
			files = (
				95097DE52641494A00854E2B /* Assets.xcassets in Resources */,
			);
			runOnlyForDeploymentPostprocessing = 0;
		};
		D5B2E8A71C3A780C00C0327D /* Resources */ = {
			isa = PBXResourcesBuildPhase;
			buildActionMask = 2147483647;
			files = (
			);
			runOnlyForDeploymentPostprocessing = 0;
		};
/* End PBXResourcesBuildPhase section */

/* Begin PBXSourcesBuildPhase section */
		D5B2E89A1C3A780C00C0327D /* Sources */ = {
			isa = PBXSourcesBuildPhase;
			buildActionMask = 2147483647;
			files = (
				95097E2A2642C83900854E2B /* PhotoRoomViewController.swift in Sources */,
				9571030B26412ACF00319C32 /* SegmentationService.swift in Sources */,
				9571030C26412ACF00319C32 /* ImageHelpers.swift in Sources */,
			);
			runOnlyForDeploymentPostprocessing = 0;
		};
		D5B2E8A51C3A780C00C0327D /* Sources */ = {
			isa = PBXSourcesBuildPhase;
			buildActionMask = 2147483647;
			files = (
				D284B1461F7908B300D94AF3 /* SharedTests.swift in Sources */,
				D284B1471F7908B800D94AF3 /* iOSTests.swift in Sources */,
			);
			runOnlyForDeploymentPostprocessing = 0;
		};
/* End PBXSourcesBuildPhase section */

/* Begin PBXTargetDependency section */
		D5B2E8AC1C3A780C00C0327D /* PBXTargetDependency */ = {
			isa = PBXTargetDependency;
			target = D5B2E89E1C3A780C00C0327D /* PhotoRoomKit-iOS */;
			targetProxy = D5B2E8AB1C3A780C00C0327D /* PBXContainerItemProxy */;
		};
/* End PBXTargetDependency section */

/* Begin XCBuildConfiguration section */
		D5B2E8B11C3A780C00C0327D /* Debug */ = {
			isa = XCBuildConfiguration;
			buildSettings = {
				ALWAYS_SEARCH_USER_PATHS = NO;
				CLANG_CXX_LANGUAGE_STANDARD = "gnu++0x";
				CLANG_CXX_LIBRARY = "libc++";
				CLANG_ENABLE_MODULES = YES;
				CLANG_ENABLE_OBJC_ARC = YES;
				CLANG_WARN_BLOCK_CAPTURE_AUTORELEASING = YES;
				CLANG_WARN_BOOL_CONVERSION = YES;
				CLANG_WARN_COMMA = YES;
				CLANG_WARN_CONSTANT_CONVERSION = YES;
				CLANG_WARN_DIRECT_OBJC_ISA_USAGE = YES_ERROR;
				CLANG_WARN_EMPTY_BODY = YES;
				CLANG_WARN_ENUM_CONVERSION = YES;
				CLANG_WARN_INFINITE_RECURSION = YES;
				CLANG_WARN_INT_CONVERSION = YES;
				CLANG_WARN_NON_LITERAL_NULL_CONVERSION = YES;
				CLANG_WARN_OBJC_LITERAL_CONVERSION = YES;
				CLANG_WARN_OBJC_ROOT_CLASS = YES_ERROR;
				CLANG_WARN_RANGE_LOOP_ANALYSIS = YES;
				CLANG_WARN_STRICT_PROTOTYPES = YES;
				CLANG_WARN_SUSPICIOUS_MOVE = YES;
				CLANG_WARN_UNREACHABLE_CODE = YES;
				CLANG_WARN__DUPLICATE_METHOD_MATCH = YES;
				"CODE_SIGN_IDENTITY[sdk=iphoneos*]" = "iPhone Developer";
				COPY_PHASE_STRIP = NO;
				CURRENT_PROJECT_VERSION = 1;
				DEBUG_INFORMATION_FORMAT = dwarf;
				ENABLE_STRICT_OBJC_MSGSEND = YES;
				ENABLE_TESTABILITY = YES;
				GCC_C_LANGUAGE_STANDARD = gnu99;
				GCC_DYNAMIC_NO_PIC = NO;
				GCC_NO_COMMON_BLOCKS = YES;
				GCC_OPTIMIZATION_LEVEL = 0;
				GCC_PREPROCESSOR_DEFINITIONS = (
					"DEBUG=1",
					"$(inherited)",
				);
				GCC_WARN_64_TO_32_BIT_CONVERSION = YES;
				GCC_WARN_ABOUT_RETURN_TYPE = YES_ERROR;
				GCC_WARN_UNDECLARED_SELECTOR = YES;
				GCC_WARN_UNINITIALIZED_AUTOS = YES_AGGRESSIVE;
				GCC_WARN_UNUSED_FUNCTION = YES;
				GCC_WARN_UNUSED_VARIABLE = YES;
				IPHONEOS_DEPLOYMENT_TARGET = 13.0;
				MTL_ENABLE_DEBUG_INFO = YES;
				ONLY_ACTIVE_ARCH = YES;
				SDKROOT = iphoneos;
				SWIFT_OPTIMIZATION_LEVEL = "-Onone";
				SWIFT_VERSION = 5.0;
				TARGETED_DEVICE_FAMILY = "1,2";
				VERSIONING_SYSTEM = "apple-generic";
				VERSION_INFO_PREFIX = "";
			};
			name = Debug;
		};
		D5B2E8B21C3A780C00C0327D /* Release */ = {
			isa = XCBuildConfiguration;
			buildSettings = {
				ALWAYS_SEARCH_USER_PATHS = NO;
				CLANG_CXX_LANGUAGE_STANDARD = "gnu++0x";
				CLANG_CXX_LIBRARY = "libc++";
				CLANG_ENABLE_MODULES = YES;
				CLANG_ENABLE_OBJC_ARC = YES;
				CLANG_WARN_BLOCK_CAPTURE_AUTORELEASING = YES;
				CLANG_WARN_BOOL_CONVERSION = YES;
				CLANG_WARN_COMMA = YES;
				CLANG_WARN_CONSTANT_CONVERSION = YES;
				CLANG_WARN_DIRECT_OBJC_ISA_USAGE = YES_ERROR;
				CLANG_WARN_EMPTY_BODY = YES;
				CLANG_WARN_ENUM_CONVERSION = YES;
				CLANG_WARN_INFINITE_RECURSION = YES;
				CLANG_WARN_INT_CONVERSION = YES;
				CLANG_WARN_NON_LITERAL_NULL_CONVERSION = YES;
				CLANG_WARN_OBJC_LITERAL_CONVERSION = YES;
				CLANG_WARN_OBJC_ROOT_CLASS = YES_ERROR;
				CLANG_WARN_RANGE_LOOP_ANALYSIS = YES;
				CLANG_WARN_STRICT_PROTOTYPES = YES;
				CLANG_WARN_SUSPICIOUS_MOVE = YES;
				CLANG_WARN_UNREACHABLE_CODE = YES;
				CLANG_WARN__DUPLICATE_METHOD_MATCH = YES;
				"CODE_SIGN_IDENTITY[sdk=iphoneos*]" = "iPhone Developer";
				COPY_PHASE_STRIP = NO;
				CURRENT_PROJECT_VERSION = 1;
				DEBUG_INFORMATION_FORMAT = "dwarf-with-dsym";
				ENABLE_NS_ASSERTIONS = NO;
				ENABLE_STRICT_OBJC_MSGSEND = YES;
				GCC_C_LANGUAGE_STANDARD = gnu99;
				GCC_NO_COMMON_BLOCKS = YES;
				GCC_WARN_64_TO_32_BIT_CONVERSION = YES;
				GCC_WARN_ABOUT_RETURN_TYPE = YES_ERROR;
				GCC_WARN_UNDECLARED_SELECTOR = YES;
				GCC_WARN_UNINITIALIZED_AUTOS = YES_AGGRESSIVE;
				GCC_WARN_UNUSED_FUNCTION = YES;
				GCC_WARN_UNUSED_VARIABLE = YES;
				IPHONEOS_DEPLOYMENT_TARGET = 13.0;
				MTL_ENABLE_DEBUG_INFO = NO;
				SDKROOT = iphoneos;
				SWIFT_OPTIMIZATION_LEVEL = "-Owholemodule";
				SWIFT_VERSION = 5.0;
				TARGETED_DEVICE_FAMILY = "1,2";
				VALIDATE_PRODUCT = YES;
				VERSIONING_SYSTEM = "apple-generic";
				VERSION_INFO_PREFIX = "";
			};
			name = Release;
		};
		D5B2E8B41C3A780C00C0327D /* Debug */ = {
			isa = XCBuildConfiguration;
			buildSettings = {
				CLANG_ENABLE_MODULES = YES;
				"CODE_SIGN_IDENTITY[sdk=iphoneos*]" = "";
				DEFINES_MODULE = YES;
				DYLIB_COMPATIBILITY_VERSION = 1;
				DYLIB_CURRENT_VERSION = 1;
				DYLIB_INSTALL_NAME_BASE = "@rpath";
				INFOPLIST_FILE = "$(SRCROOT)/Info/Info-iOS.plist";
				INSTALL_PATH = "$(LOCAL_LIBRARY_DIR)/Frameworks";
				IPHONEOS_DEPLOYMENT_TARGET = 13.0;
				LD_RUNPATH_SEARCH_PATHS = "$(inherited) @executable_path/Frameworks @loader_path/Frameworks";
				PRODUCT_BUNDLE_IDENTIFIER = "com.photoroom.kit.PhotoRoomKit-iOS";
				PRODUCT_NAME = PhotoRoomKit;
				SKIP_INSTALL = YES;
				SWIFT_OPTIMIZATION_LEVEL = "-Onone";
				SWIFT_VERSION = 5.0;
			};
			name = Debug;
		};
		D5B2E8B51C3A780C00C0327D /* Release */ = {
			isa = XCBuildConfiguration;
			buildSettings = {
				CLANG_ENABLE_MODULES = YES;
				"CODE_SIGN_IDENTITY[sdk=iphoneos*]" = "";
				DEFINES_MODULE = YES;
				DYLIB_COMPATIBILITY_VERSION = 1;
				DYLIB_CURRENT_VERSION = 1;
				DYLIB_INSTALL_NAME_BASE = "@rpath";
				INFOPLIST_FILE = "$(SRCROOT)/Info/Info-iOS.plist";
				INSTALL_PATH = "$(LOCAL_LIBRARY_DIR)/Frameworks";
				IPHONEOS_DEPLOYMENT_TARGET = 13.0;
				LD_RUNPATH_SEARCH_PATHS = "$(inherited) @executable_path/Frameworks @loader_path/Frameworks";
				PRODUCT_BUNDLE_IDENTIFIER = "com.photoroom.kit.PhotoRoomKit-iOS";
				PRODUCT_NAME = PhotoRoomKit;
				SKIP_INSTALL = YES;
				SWIFT_VERSION = 5.0;
			};
			name = Release;
		};
		D5B2E8B71C3A780C00C0327D /* Debug */ = {
			isa = XCBuildConfiguration;
			buildSettings = {
				CLANG_ENABLE_MODULES = YES;
				FRAMEWORK_SEARCH_PATHS = (
					"$(inherited)",
					"$(PROJECT_DIR)/Carthage/Build/iOS",
				);
				INFOPLIST_FILE = "$(SRCROOT)/PhotoRoomKitTests/Info-iOS-Tests.plist";
				LD_RUNPATH_SEARCH_PATHS = "$(inherited) @executable_path/Frameworks @loader_path/Frameworks $(FRAMEWORK_SEARCH_PATHS)";
				PRODUCT_BUNDLE_IDENTIFIER = no.hyper.PhotoRoomKitTests;
				PRODUCT_NAME = "$(TARGET_NAME)";
				SWIFT_OPTIMIZATION_LEVEL = "-Onone";
				SWIFT_VERSION = 5.0;
			};
			name = Debug;
		};
		D5B2E8B81C3A780C00C0327D /* Release */ = {
			isa = XCBuildConfiguration;
			buildSettings = {
				CLANG_ENABLE_MODULES = YES;
				FRAMEWORK_SEARCH_PATHS = (
					"$(inherited)",
					"$(PROJECT_DIR)/Carthage/Build/iOS",
				);
				INFOPLIST_FILE = "$(SRCROOT)/PhotoRoomKitTests/Info-iOS-Tests.plist";
				LD_RUNPATH_SEARCH_PATHS = "$(inherited) @executable_path/Frameworks @loader_path/Frameworks $(FRAMEWORK_SEARCH_PATHS)";
				PRODUCT_BUNDLE_IDENTIFIER = no.hyper.PhotoRoomKitTests;
				PRODUCT_NAME = "$(TARGET_NAME)";
				SWIFT_VERSION = 5.0;
			};
			name = Release;
		};
/* End XCBuildConfiguration section */

/* Begin XCConfigurationList section */
		D5B2E8991C3A780C00C0327D /* Build configuration list for PBXProject "PhotoRoomKit" */ = {
			isa = XCConfigurationList;
			buildConfigurations = (
				D5B2E8B11C3A780C00C0327D /* Debug */,
				D5B2E8B21C3A780C00C0327D /* Release */,
			);
			defaultConfigurationIsVisible = 0;
			defaultConfigurationName = Release;
		};
		D5B2E8B31C3A780C00C0327D /* Build configuration list for PBXNativeTarget "PhotoRoomKit-iOS" */ = {
			isa = XCConfigurationList;
			buildConfigurations = (
				D5B2E8B41C3A780C00C0327D /* Debug */,
				D5B2E8B51C3A780C00C0327D /* Release */,
			);
			defaultConfigurationIsVisible = 0;
			defaultConfigurationName = Release;
		};
		D5B2E8B61C3A780C00C0327D /* Build configuration list for PBXNativeTarget "PhotoRoomKit-iOS-Tests" */ = {
			isa = XCConfigurationList;
			buildConfigurations = (
				D5B2E8B71C3A780C00C0327D /* Debug */,
				D5B2E8B81C3A780C00C0327D /* Release */,
			);
			defaultConfigurationIsVisible = 0;
			defaultConfigurationName = Release;
		};
/* End XCConfigurationList section */
	};
	rootObject = D5B2E8961C3A780C00C0327D /* Project object */;
}
